
Microsoft Visual Studio Solution File, Format Version 12.00
# Visual Studio Version 17
VisualStudioVersion = 17.2.32516.85
MinimumVisualStudioVersion = 10.0.40219.1
Project("{FAE04EC0-301F-11D3-BF4B-00C04F79EFBC}") = "BookApp", "BookApp\BookApp.csproj", "{8B2E124F-0ED6-4852-B614-7B4C0EAFCBDA}"
EndProject
Global
	GlobalSection(SolutionConfigurationPlatforms) = preSolution
		Debug|Any CPU = Debug|Any CPU
		Release|Any CPU = Release|Any CPU
	EndGlobalSection
	GlobalSection(ProjectConfigurationPlatforms) = postSolution
		{8B2E124F-0ED6-4852-B614-7B4C0EAFCBDA}.Debug|Any CPU.ActiveCfg = Debug|Any CPU
		{8B2E124F-0ED6-4852-B614-7B4C0EAFCBDA}.Debug|Any CPU.Build.0 = Debug|Any CPU
		{8B2E124F-0ED6-4852-B614-7B4C0EAFCBDA}.Release|Any CPU.ActiveCfg = Release|Any CPU
		{8B2E124F-0ED6-4852-B614-7B4C0EAFCBDA}.Release|Any CPU.Build.0 = Release|Any CPU
	EndGlobalSection
	GlobalSection(SolutionProperties) = preSolution
		HideSolutionNode = FALSE
	EndGlobalSection
	GlobalSection(ExtensibilityGlobals) = postSolution
		SolutionGuid = {8E66BAAC-CB9C-4DF8-BAA6-A45A156A0F71}
	EndGlobalSection
EndGlobal
